
Microsoft Visual Studio Solution File, Format Version 12.00
# Visual Studio Version 16
VisualStudioVersion = 16.0.30011.22
MinimumVisualStudioVersion = 10.0.40219.1
Project("{FAE04EC0-301F-11D3-BF4B-00C04F79EFBC}") = "StructVsClass", "StructVsClass\StructVsClass.csproj", "{8B5F4092-F82A-4A76-945A-39A2FC7DB161}"
EndProject
Global
	GlobalSection(SolutionConfigurationPlatforms) = preSolution
		Debug|Any CPU = Debug|Any CPU
		Release|Any CPU = Release|Any CPU
	EndGlobalSection
	GlobalSection(ProjectConfigurationPlatforms) = postSolution
		{8B5F4092-F82A-4A76-945A-39A2FC7DB161}.Debug|Any CPU.ActiveCfg = Debug|Any CPU
		{8B5F4092-F82A-4A76-945A-39A2FC7DB161}.Debug|Any CPU.Build.0 = Debug|Any CPU
		{8B5F4092-F82A-4A76-945A-39A2FC7DB161}.Release|Any CPU.ActiveCfg = Release|Any CPU
		{8B5F4092-F82A-4A76-945A-39A2FC7DB161}.Release|Any CPU.Build.0 = Release|Any CPU
	EndGlobalSection
	GlobalSection(SolutionProperties) = preSolution
		HideSolutionNode = FALSE
	EndGlobalSection
	GlobalSection(ExtensibilityGlobals) = postSolution
		SolutionGuid = {F22AFF11-9852-4C0C-A54E-20A938913902}
	EndGlobalSection
EndGlobal
